
Microsoft Visual Studio Solution File, Format Version 12.00
# Visual Studio Version 17
VisualStudioVersion = 17.13.35931.197 d17.13
MinimumVisualStudioVersion = 10.0.40219.1
Project("{FAE04EC0-301F-11D3-BF4B-00C04F79EFBC}") = "ApiMawaLibrary", "ApiMawaLibrary\ApiMawaLibrary.csproj", "{38DFF009-DC22-4D1C-95E3-5151E6A0340A}"
EndProject
Project("{FAE04EC0-301F-11D3-BF4B-00C04F79EFBC}") = "ApiMawaUI", "ApiMawaUI\ApiMawaUI.csproj", "{00FC5071-B697-41DD-BB40-03101CA6F808}"
EndProject
Global
	GlobalSection(SolutionConfigurationPlatforms) = preSolution
		Debug|Any CPU = Debug|Any CPU
		Release|Any CPU = Release|Any CPU
	EndGlobalSection
	GlobalSection(ProjectConfigurationPlatforms) = postSolution
		{38DFF009-DC22-4D1C-95E3-5151E6A0340A}.Debug|Any CPU.ActiveCfg = Debug|Any CPU
		{38DFF009-DC22-4D1C-95E3-5151E6A0340A}.Debug|Any CPU.Build.0 = Debug|Any CPU
		{38DFF009-DC22-4D1C-95E3-5151E6A0340A}.Release|Any CPU.ActiveCfg = Release|Any CPU
		{38DFF009-DC22-4D1C-95E3-5151E6A0340A}.Release|Any CPU.Build.0 = Release|Any CPU
		{00FC5071-B697-41DD-BB40-03101CA6F808}.Debug|Any CPU.ActiveCfg = Debug|Any CPU
		{00FC5071-B697-41DD-BB40-03101CA6F808}.Debug|Any CPU.Build.0 = Debug|Any CPU
		{00FC5071-B697-41DD-BB40-03101CA6F808}.Release|Any CPU.ActiveCfg = Release|Any CPU
		{00FC5071-B697-41DD-BB40-03101CA6F808}.Release|Any CPU.Build.0 = Release|Any CPU
	EndGlobalSection
	GlobalSection(SolutionProperties) = preSolution
		HideSolutionNode = FALSE
	EndGlobalSection
	GlobalSection(ExtensibilityGlobals) = postSolution
		SolutionGuid = {452C8847-8946-44C5-809C-33D74F774718}
	EndGlobalSection
EndGlobal
